<?xml version="1.0" encoding="utf-8"?>
<Project ToolsVersion="4.0" xmlns="http://schemas.microsoft.com/developer/msbuild/2003">
  <ItemGroup>
    <Filter Include="Source Files">
      <UniqueIdentifier>{4FC737F1-C7A5-4376-A066-2A32D752A2FF}</UniqueIdentifier>
      <Extensions>cpp;c;cc;cxx;def;odl;idl;hpj;bat;asm;asmx</Extensions>
    </Filter>
    <Filter Include="Header Files">
      <UniqueIdentifier>{93995380-89BD-4b04-88EB-625FBE52EBFB}</UniqueIdentifier>
      <Extensions>h;hh;hpp;hxx;hm;inl;inc;xsd</Extensions>
    </Filter>
    <Filter Include="Resource Files">
      <UniqueIdentifier>{67DA6AB6-F800-4c08-8B7A-83BB121AAD01}</UniqueIdentifier>
      <Extensions>rc;ico;cur;bmp;dlg;rc2;rct;bin;rgs;gif;jpg;jpeg;jpe;resx;tiff;tif;png;wav;mfcribbon-ms</Extensions>
    </Filter>
    <Filter Include="Shaders">
      <UniqueIdentifier>{89b82a6a-a49d-495e-b954-802cb59fee00}</UniqueIdentifier>
    </Filter>
    <Filter Include="Core">
      <UniqueIdentifier>{fcd827d1-8c21-456d-b447-0ed3671a7008}</UniqueIdentifier>
    </Filter>
    <Filter Include="Core\Init">
      <UniqueIdentifier>{6b7ea203-0107-46f3-b591-0db2321ca078}</UniqueIdentifier>
    </Filter>
  </ItemGroup>
  <ItemGroup>
    <None Include="packages.config" />
    <None Include="Shaders\FragmentShader.glsl">
      <Filter>Shaders</Filter>
    </None>
    <None Include="Shaders\VertexShader.glsl">
      <Filter>Shaders</Filter>
    </None>
  </ItemGroup>
  <ItemGroup>
    <ClCompile Include="main.cpp">
      <Filter>Source Files</Filter>
    </ClCompile>
    <ClCompile Include="GameModels.cpp">
      <Filter>Source Files</Filter>
    </ClCompile>
    <ClCompile Include="ShaderManager.cpp">
      <Filter>Core</Filter>
    </ClCompile>
    <ClCompile Include="InitGlut.cpp">
      <Filter>Core\Init</Filter>
    </ClCompile>
    <ClCompile Include="InitGlew.cpp">
      <Filter>Core\Init</Filter>
    </ClCompile>
  </ItemGroup>
  <ItemGroup>
    <ClInclude Include="VertexFormat.h">
      <Filter>Core</Filter>
    </ClInclude>
    <ClInclude Include="GameModels.h">
      <Filter>Core</Filter>
    </ClInclude>
    <ClInclude Include="ShaderManager.h">
      <Filter>Core</Filter>
    </ClInclude>
    <ClInclude Include="WindowInfo.h">
      <Filter>Core\Init</Filter>
    </ClInclude>
    <ClInclude Include="ContextInfo.h">
      <Filter>Core\Init</Filter>
    </ClInclude>
    <ClInclude Include="FramebufferInfo.h">
      <Filter>Core\Init</Filter>
    </ClInclude>
    <ClInclude Include="InitGlew.h">
      <Filter>Core\Init</Filter>
    </ClInclude>
    <ClInclude Include="InitGlut.h">
      <Filter>Core\Init</Filter>
    </ClInclude>
  </ItemGroup>
</Project>