<?xml version="1.0" encoding="utf-8"?>
<Project ToolsVersion="4.0" xmlns="http://schemas.microsoft.com/developer/msbuild/2003">
  <ItemGroup>
    <Filter Include="Source Files">
      <UniqueIdentifier>{4FC737F1-C7A5-4376-A066-2A32D752A2FF}</UniqueIdentifier>
      <Extensions>cpp;c;cc;cxx;def;odl;idl;hpj;bat;asm;asmx</Extensions>
    </Filter>
    <Filter Include="Header Files">
      <UniqueIdentifier>{93995380-89BD-4b04-88EB-625FBE52EBFB}</UniqueIdentifier>
      <Extensions>h;hh;hpp;hxx;hm;inl;inc;xsd</Extensions>
    </Filter>
    <Filter Include="Resource Files">
      <UniqueIdentifier>{67DA6AB6-F800-4c08-8B7A-83BB121AAD01}</UniqueIdentifier>
      <Extensions>rc;ico;cur;bmp;dlg;rc2;rct;bin;rgs;gif;jpg;jpeg;jpe;resx;tiff;tif;png;wav;mfcribbon-ms</Extensions>
    </Filter>
    <Filter Include="Shaders">
      <UniqueIdentifier>{89b82a6a-a49d-495e-b954-802cb59fee00}</UniqueIdentifier>
    </Filter>
    <Filter Include="Core">
      <UniqueIdentifier>{fcd827d1-8c21-456d-b447-0ed3671a7008}</UniqueIdentifier>
    </Filter>
    <Filter Include="Core\Init">
      <UniqueIdentifier>{6b7ea203-0107-46f3-b591-0db2321ca078}</UniqueIdentifier>
    </Filter>
    <Filter Include="Rendering">
      <UniqueIdentifier>{4de4b8c0-63c7-4a9a-b520-c886fb387385}</UniqueIdentifier>
    </Filter>
    <Filter Include="Manager">
      <UniqueIdentifier>{bbe9f7bd-5a05-4781-84e7-45ee4d163cd5}</UniqueIdentifier>
    </Filter>
    <Filter Include="Rendering\Models">
      <UniqueIdentifier>{07fe70aa-63fb-4cb1-9cb7-46bdc0aa72d1}</UniqueIdentifier>
    </Filter>
  </ItemGroup>
  <ItemGroup>
    <None Include="packages.config" />
    <None Include="Shaders\FragmentShader.glsl">
      <Filter>Shaders</Filter>
    </None>
    <None Include="Shaders\VertexShader.glsl">
      <Filter>Shaders</Filter>
    </None>
  </ItemGroup>
  <ItemGroup>
    <ClCompile Include="main.cpp">
      <Filter>Source Files</Filter>
    </ClCompile>
    <ClCompile Include="Core\InitGlew.cpp">
      <Filter>Core\Init</Filter>
    </ClCompile>
    <ClCompile Include="Core\InitGlut.cpp">
      <Filter>Core\Init</Filter>
    </ClCompile>
    <ClCompile Include="Managers\SceneManager.cpp">
      <Filter>Manager</Filter>
    </ClCompile>
    <ClCompile Include="Managers\ShaderManager.cpp">
      <Filter>Manager</Filter>
    </ClCompile>
    <ClCompile Include="Rendering\Triangle.cpp">
      <Filter>Rendering\Models</Filter>
    </ClCompile>
    <ClCompile Include="Managers\ModelsManager.cpp">
      <Filter>Manager</Filter>
    </ClCompile>
    <ClCompile Include="Rendering\Model.cpp">
      <Filter>Rendering\Models</Filter>
    </ClCompile>
    <ClCompile Include="Rendering\Quad.cpp">
      <Filter>Rendering\Models</Filter>
    </ClCompile>
  </ItemGroup>
  <ItemGroup>
    <ClInclude Include="WindowInfo.h">
      <Filter>Core\Init</Filter>
    </ClInclude>
    <ClInclude Include="ContextInfo.h">
      <Filter>Core\Init</Filter>
    </ClInclude>
    <ClInclude Include="IGameObject.h">
      <Filter>Rendering</Filter>
    </ClInclude>
    <ClInclude Include="VertexFormat.h">
      <Filter>Rendering</Filter>
    </ClInclude>
    <ClInclude Include="Core\FramebufferInfo.h">
      <Filter>Core\Init</Filter>
    </ClInclude>
    <ClInclude Include="Core\InitGlew.h">
      <Filter>Core\Init</Filter>
    </ClInclude>
    <ClInclude Include="Core\InitGlut.h">
      <Filter>Core\Init</Filter>
    </ClInclude>
    <ClInclude Include="Managers\IListener.h">
      <Filter>Manager</Filter>
    </ClInclude>
    <ClInclude Include="Managers\SceneManager.h">
      <Filter>Manager</Filter>
    </ClInclude>
    <ClInclude Include="Managers\ShaderManager.h">
      <Filter>Manager</Filter>
    </ClInclude>
    <ClInclude Include="Model.h">
      <Filter>Rendering\Models</Filter>
    </ClInclude>
    <ClInclude Include="Rendering\Triangle.h">
      <Filter>Rendering\Models</Filter>
    </ClInclude>
    <ClInclude Include="Managers\ModelsManager.h">
      <Filter>Manager</Filter>
    </ClInclude>
    <ClInclude Include="Rendering\Quad.h">
      <Filter>Rendering\Models</Filter>
    </ClInclude>
  </ItemGroup>
</Project>